// !$*UTF8*$!
{
	archiveVersion = 1;
	classes = {
	};
	objectVersion = 46;
	objects = {

/* Begin PBXBuildFile section */
		879D87621EA5F78000FB6AD5 /* main.swift in Sources */ = {isa = PBXBuildFile; fileRef = 879D87611EA5F78000FB6AD5 /* main.swift */; };
/* End PBXBuildFile section */

/* Begin PBXCopyFilesBuildPhase section */
		879D875C1EA5F78000FB6AD5 /* CopyFiles */ = {
			isa = PBXCopyFilesBuildPhase;
			buildActionMask = 2147483647;
			dstPath = /usr/share/man/man1/;
			dstSubfolderSpec = 0;
			files = (
			);
			runOnlyForDeploymentPostprocessing = 1;
		};
/* End PBXCopyFilesBuildPhase section */

/* Begin PBXFileReference section */
		879D875E1EA5F78000FB6AD5 /* YASW */ = {isa = PBXFileReference; explicitFileType = "compiled.mach-o.executable"; includeInIndex = 0; path = YASW; sourceTree = BUILT_PRODUCTS_DIR; };
		879D87611EA5F78000FB6AD5 /* main.swift */ = {isa = PBXFileReference; lastKnownFileType = sourcecode.swift; path = main.swift; sourceTree = "<group>"; };
/* End PBXFileReference section */

/* Begin PBXFrameworksBuildPhase section */
		879D875B1EA5F78000FB6AD5 /* Frameworks */ = {
			isa = PBXFrameworksBuildPhase;
			buildActionMask = 2147483647;
			files = (
			);
			runOnlyForDeploymentPostprocessing = 0;
		};
/* End PBXFrameworksBuildPhase section */

/* Begin PBXGroup section */
		879D87551EA5F78000FB6AD5 = {
			isa = PBXGroup;
			children = (
				879D87601EA5F78000FB6AD5 /* YASW */,
				879D875F1EA5F78000FB6AD5 /* Products */,
			);
			sourceTree = "<group>";
		};
		879D875F1EA5F78000FB6AD5 /* Products */ = {
			isa = PBXGroup;
			children = (
				879D875E1EA5F78000FB6AD5 /* YASW */,
			);
			name = Products;
			sourceTree = "<group>";
		};
		879D87601EA5F78000FB6AD5 /* YASW */ = {
			isa = PBXGroup;
			children = (
				879D87611EA5F78000FB6AD5 /* main.swift */,
			);
			path = YASW;
			sourceTree = "<group>";
		};
/* End PBXGroup section */

/* Begin PBXNativeTarget section */
		879D875D1EA5F78000FB6AD5 /* YASW */ = {
			isa = PBXNativeTarget;
			buildConfigurationList = 879D87651EA5F78000FB6AD5 /* Build configuration list for PBXNativeTarget "YASW" */;
			buildPhases = (
				879D875A1EA5F78000FB6AD5 /* Sources */,
				879D875B1EA5F78000FB6AD5 /* Frameworks */,
				879D875C1EA5F78000FB6AD5 /* CopyFiles */,
			);
			buildRules = (
			);
			dependencies = (
			);
			name = YASW;
			productName = YASW;
			productReference = 879D875E1EA5F78000FB6AD5 /* YASW */;
			productType = "com.apple.product-type.tool";
		};
/* End PBXNativeTarget section */

/* Begin PBXProject section */
		879D87561EA5F78000FB6AD5 /* Project object */ = {
			isa = PBXProject;
			attributes = {
				LastSwiftUpdateCheck = 0830;
				LastUpgradeCheck = 0830;
				ORGANIZATIONNAME = "Kota Nakano";
				TargetAttributes = {
					879D875D1EA5F78000FB6AD5 = {
						CreatedOnToolsVersion = 8.3.1;
						LastSwiftMigration = 0900;
						ProvisioningStyle = Automatic;
					};
				};
			};
			buildConfigurationList = 879D87591EA5F78000FB6AD5 /* Build configuration list for PBXProject "YASW" */;
			compatibilityVersion = "Xcode 3.2";
			developmentRegion = English;
			hasScannedForEncodings = 0;
			knownRegions = (
				English,
				en,
			);
			mainGroup = 879D87551EA5F78000FB6AD5;
			productRefGroup = 879D875F1EA5F78000FB6AD5 /* Products */;
			projectDirPath = "";
			projectRoot = "";
			targets = (
				879D875D1EA5F78000FB6AD5 /* YASW */,
			);
		};
/* End PBXProject section */

/* Begin PBXSourcesBuildPhase section */
		879D875A1EA5F78000FB6AD5 /* Sources */ = {
			isa = PBXSourcesBuildPhase;
			buildActionMask = 2147483647;
			files = (
				879D87621EA5F78000FB6AD5 /* main.swift in Sources */,
			);
			runOnlyForDeploymentPostprocessing = 0;
		};
/* End PBXSourcesBuildPhase section */

/* Begin XCBuildConfiguration section */
		879D87631EA5F78000FB6AD5 /* Debug */ = {
			isa = XCBuildConfiguration;
			buildSettings = {
				SWIFT_VERSION = 5.0;
			};
			name = Debug;
		};
		879D87641EA5F78000FB6AD5 /* Release */ = {
			isa = XCBuildConfiguration;
			buildSettings = {
				SWIFT_VERSION = 5.0;
			};
			name = Release;
		};
		879D87661EA5F78000FB6AD5 /* Debug */ = {
			isa = XCBuildConfiguration;
			buildSettings = {
				PRODUCT_NAME = YASW;
			};
			name = Debug;
		};
		879D87671EA5F78000FB6AD5 /* Release */ = {
			isa = XCBuildConfiguration;
			buildSettings = {
				PRODUCT_NAME = YASW;
			};
			name = Release;
		};
/* End XCBuildConfiguration section */

/* Begin XCConfigurationList section */
		879D87591EA5F78000FB6AD5 /* Build configuration list for PBXProject "YASW" */ = {
			isa = XCConfigurationList;
			buildConfigurations = (
				879D87631EA5F78000FB6AD5 /* Debug */,
				879D87641EA5F78000FB6AD5 /* Release */,
			);
			defaultConfigurationIsVisible = 0;
			defaultConfigurationName = Release;
		};
		879D87651EA5F78000FB6AD5 /* Build configuration list for PBXNativeTarget "YASW" */ = {
			isa = XCConfigurationList;
			buildConfigurations = (
				879D87661EA5F78000FB6AD5 /* Debug */,
				879D87671EA5F78000FB6AD5 /* Release */,
			);
			defaultConfigurationIsVisible = 0;
			defaultConfigurationName = Release;
		};
/* End XCConfigurationList section */
	};
	rootObject = 879D87561EA5F78000FB6AD5 /* Project object */;
}
